
Microsoft Visual Studio Solution File, Format Version 12.00
# Visual Studio Version 16
VisualStudioVersion = 16.0.30503.244
MinimumVisualStudioVersion = 10.0.40219.1
Project("{9A19103F-16F7-4668-BE54-9A1E7A4F7556}") = "CodingGameTask", "Play with two strings\CodingGameTask.csproj", "{3690A55B-7F62-4AE6-8720-9A005B141686}"
EndProject
Project("{9A19103F-16F7-4668-BE54-9A1E7A4F7556}") = "Test", "Test\Test.csproj", "{0E075BE6-1ED4-4E8A-A3F4-B498A01517F1}"
EndProject
Global
	GlobalSection(SolutionConfigurationPlatforms) = preSolution
		Debug|Any CPU = Debug|Any CPU
		Release|Any CPU = Release|Any CPU
	EndGlobalSection
	GlobalSection(ProjectConfigurationPlatforms) = postSolution
		{3690A55B-7F62-4AE6-8720-9A005B141686}.Debug|Any CPU.ActiveCfg = Debug|Any CPU
		{3690A55B-7F62-4AE6-8720-9A005B141686}.Debug|Any CPU.Build.0 = Debug|Any CPU
		{3690A55B-7F62-4AE6-8720-9A005B141686}.Release|Any CPU.ActiveCfg = Release|Any CPU
		{3690A55B-7F62-4AE6-8720-9A005B141686}.Release|Any CPU.Build.0 = Release|Any CPU
		{0E075BE6-1ED4-4E8A-A3F4-B498A01517F1}.Debug|Any CPU.ActiveCfg = Debug|Any CPU
		{0E075BE6-1ED4-4E8A-A3F4-B498A01517F1}.Debug|Any CPU.Build.0 = Debug|Any CPU
		{0E075BE6-1ED4-4E8A-A3F4-B498A01517F1}.Release|Any CPU.ActiveCfg = Release|Any CPU
		{0E075BE6-1ED4-4E8A-A3F4-B498A01517F1}.Release|Any CPU.Build.0 = Release|Any CPU
	EndGlobalSection
	GlobalSection(SolutionProperties) = preSolution
		HideSolutionNode = FALSE
	EndGlobalSection
	GlobalSection(ExtensibilityGlobals) = postSolution
		SolutionGuid = {8DE7EDE7-5565-44C6-87D3-7A6863DDB889}
	EndGlobalSection
EndGlobal
